
Microsoft Visual Studio Solution File, Format Version 12.00
# Visual Studio Version 17
VisualStudioVersion = 17.4.33205.214
MinimumVisualStudioVersion = 10.0.40219.1
Project("{8BC9CEB8-8B4A-11D0-8D11-00A0C91BC942}") = "C2AssetLoaderPlugin", "C2AssetLoaderPlugin\C2AssetLoaderPlugin.vcxproj", "{2B638610-CBEA-44F1-BB09-DF1DE73B1FC4}"
EndProject
Global
	GlobalSection(SolutionConfigurationPlatforms) = preSolution
		Debug|x64 = Debug|x64
		Release|x64 = Release|x64
	EndGlobalSection
	GlobalSection(ProjectConfigurationPlatforms) = postSolution
		{2B638610-CBEA-44F1-BB09-DF1DE73B1FC4}.Debug|x64.ActiveCfg = Debug|x64
		{2B638610-CBEA-44F1-BB09-DF1DE73B1FC4}.Debug|x64.Build.0 = Debug|x64
		{2B638610-CBEA-44F1-BB09-DF1DE73B1FC4}.Release|x64.ActiveCfg = Release|x64
		{2B638610-CBEA-44F1-BB09-DF1DE73B1FC4}.Release|x64.Build.0 = Release|x64
	EndGlobalSection
	GlobalSection(SolutionProperties) = preSolution
		HideSolutionNode = FALSE
	EndGlobalSection
	GlobalSection(ExtensibilityGlobals) = postSolution
		SolutionGuid = {D9650758-95A2-48EF-A8B1-321AF0097266}
	EndGlobalSection
EndGlobal
